// !$*UTF8*$!
{
	archiveVersion = 1;
	classes = {
	};
	objectVersion = 51;
	objects = {

/* Begin PBXBuildFile section */
		8C26F13BA73C4D43B3CB394A /* Pods_RPD.framework in Frameworks */ = {isa = PBXBuildFile; fileRef = 8D0A26B33133EF30CD01BE0B /* Pods_RPD.framework */; };
		B02C0D5026768AB600975921 /* CreatePlaylistViewController.swift in Sources */ = {isa = PBXBuildFile; fileRef = B02C0D4F26768AB600975921 /* CreatePlaylistViewController.swift */; };
		B02C0D5326768B0300975921 /* PlaylistMainViewController.swift in Sources */ = {isa = PBXBuildFile; fileRef = B02C0D5226768B0300975921 /* PlaylistMainViewController.swift */; };
		B05B438526792B79004E5C2F /* VideoTableViewCell.swift in Sources */ = {isa = PBXBuildFile; fileRef = B05B438426792B79004E5C2F /* VideoTableViewCell.swift */; };
		B05DA0EA25FD921B00206A65 /* AppDelegate.swift in Sources */ = {isa = PBXBuildFile; fileRef = B05DA0E925FD921B00206A65 /* AppDelegate.swift */; };
		B05DA0EC25FD921B00206A65 /* SceneDelegate.swift in Sources */ = {isa = PBXBuildFile; fileRef = B05DA0EB25FD921B00206A65 /* SceneDelegate.swift */; };
		B05DA0EE25FD921B00206A65 /* ViewController.swift in Sources */ = {isa = PBXBuildFile; fileRef = B05DA0ED25FD921B00206A65 /* ViewController.swift */; };
		B05DA0F125FD921B00206A65 /* Main.storyboard in Resources */ = {isa = PBXBuildFile; fileRef = B05DA0EF25FD921B00206A65 /* Main.storyboard */; };
		B05DA0F425FD921B00206A65 /* RPD.xcdatamodeld in Sources */ = {isa = PBXBuildFile; fileRef = B05DA0F225FD921B00206A65 /* RPD.xcdatamodeld */; };
		B05DA0F625FD921E00206A65 /* Assets.xcassets in Resources */ = {isa = PBXBuildFile; fileRef = B05DA0F525FD921E00206A65 /* Assets.xcassets */; };
		B05DA0F925FD921E00206A65 /* LaunchScreen.storyboard in Resources */ = {isa = PBXBuildFile; fileRef = B05DA0F725FD921E00206A65 /* LaunchScreen.storyboard */; };
		B06F24D82677F3FE00A79C31 /* InfoViewController.swift in Sources */ = {isa = PBXBuildFile; fileRef = B06F24D72677F3FE00A79C31 /* InfoViewController.swift */; };
		B06F24DB2677F94D00A79C31 /* SearchViewController.swift in Sources */ = {isa = PBXBuildFile; fileRef = B06F24DA2677F94D00A79C31 /* SearchViewController.swift */; };
		B07179DD2678498800BEBCA0 /* Response.swift in Sources */ = {isa = PBXBuildFile; fileRef = B07179DC2678498800BEBCA0 /* Response.swift */; };
		B0C8A85E26794C8700C8C423 /* VideoViewController.swift in Sources */ = {isa = PBXBuildFile; fileRef = B0C8A85D26794C8700C8C423 /* VideoViewController.swift */; };
		B0C8A861267954F700C8C423 /* WebKit.framework in Frameworks */ = {isa = PBXBuildFile; fileRef = B0C8A860267954F700C8C423 /* WebKit.framework */; };
		B0FB068926780C8800A8CA91 /* YoutubeAPI.swift in Sources */ = {isa = PBXBuildFile; fileRef = B0FB068826780C8800A8CA91 /* YoutubeAPI.swift */; };
		B0FB068C2678120200A8CA91 /* Video.swift in Sources */ = {isa = PBXBuildFile; fileRef = B0FB068B2678120200A8CA91 /* Video.swift */; };
		B0FB068F267812DA00A8CA91 /* Model.swift in Sources */ = {isa = PBXBuildFile; fileRef = B0FB068E267812DA00A8CA91 /* Model.swift */; };
/* End PBXBuildFile section */

/* Begin PBXFileReference section */
		6035415B2ADCE1EF58C09C0C /* Pods-RPD.debug.xcconfig */ = {isa = PBXFileReference; includeInIndex = 1; lastKnownFileType = text.xcconfig; name = "Pods-RPD.debug.xcconfig"; path = "Target Support Files/Pods-RPD/Pods-RPD.debug.xcconfig"; sourceTree = "<group>"; };
		8D0A26B33133EF30CD01BE0B /* Pods_RPD.framework */ = {isa = PBXFileReference; explicitFileType = wrapper.framework; includeInIndex = 0; path = Pods_RPD.framework; sourceTree = BUILT_PRODUCTS_DIR; };
		B02C0D4F26768AB600975921 /* CreatePlaylistViewController.swift */ = {isa = PBXFileReference; lastKnownFileType = sourcecode.swift; path = CreatePlaylistViewController.swift; sourceTree = "<group>"; };
		B02C0D5226768B0300975921 /* PlaylistMainViewController.swift */ = {isa = PBXFileReference; lastKnownFileType = sourcecode.swift; path = PlaylistMainViewController.swift; sourceTree = "<group>"; };
		B05B438426792B79004E5C2F /* VideoTableViewCell.swift */ = {isa = PBXFileReference; lastKnownFileType = sourcecode.swift; path = VideoTableViewCell.swift; sourceTree = "<group>"; };
		B05DA0E625FD921B00206A65 /* RPD.app */ = {isa = PBXFileReference; explicitFileType = wrapper.application; includeInIndex = 0; path = RPD.app; sourceTree = BUILT_PRODUCTS_DIR; };
		B05DA0E925FD921B00206A65 /* AppDelegate.swift */ = {isa = PBXFileReference; lastKnownFileType = sourcecode.swift; path = AppDelegate.swift; sourceTree = "<group>"; };
		B05DA0EB25FD921B00206A65 /* SceneDelegate.swift */ = {isa = PBXFileReference; lastKnownFileType = sourcecode.swift; path = SceneDelegate.swift; sourceTree = "<group>"; };
		B05DA0ED25FD921B00206A65 /* ViewController.swift */ = {isa = PBXFileReference; lastKnownFileType = sourcecode.swift; path = ViewController.swift; sourceTree = "<group>"; };
		B05DA0F025FD921B00206A65 /* Base */ = {isa = PBXFileReference; lastKnownFileType = file.storyboard; name = Base; path = Base.lproj/Main.storyboard; sourceTree = "<group>"; };
		B05DA0F325FD921B00206A65 /* RPD.xcdatamodel */ = {isa = PBXFileReference; lastKnownFileType = wrapper.xcdatamodel; path = RPD.xcdatamodel; sourceTree = "<group>"; };
		B05DA0F525FD921E00206A65 /* Assets.xcassets */ = {isa = PBXFileReference; lastKnownFileType = folder.assetcatalog; path = Assets.xcassets; sourceTree = "<group>"; };
		B05DA0F825FD921E00206A65 /* Base */ = {isa = PBXFileReference; lastKnownFileType = file.storyboard; name = Base; path = Base.lproj/LaunchScreen.storyboard; sourceTree = "<group>"; };
		B05DA0FA25FD921E00206A65 /* Info.plist */ = {isa = PBXFileReference; lastKnownFileType = text.plist.xml; path = Info.plist; sourceTree = "<group>"; };
		B06F24D72677F3FE00A79C31 /* InfoViewController.swift */ = {isa = PBXFileReference; lastKnownFileType = sourcecode.swift; path = InfoViewController.swift; sourceTree = "<group>"; };
		B06F24DA2677F94D00A79C31 /* SearchViewController.swift */ = {isa = PBXFileReference; lastKnownFileType = sourcecode.swift; path = SearchViewController.swift; sourceTree = "<group>"; };
		B07179DC2678498800BEBCA0 /* Response.swift */ = {isa = PBXFileReference; lastKnownFileType = sourcecode.swift; path = Response.swift; sourceTree = "<group>"; };
		B0C8A85D26794C8700C8C423 /* VideoViewController.swift */ = {isa = PBXFileReference; lastKnownFileType = sourcecode.swift; path = VideoViewController.swift; sourceTree = "<group>"; };
		B0C8A860267954F700C8C423 /* WebKit.framework */ = {isa = PBXFileReference; lastKnownFileType = wrapper.framework; name = WebKit.framework; path = System/Library/Frameworks/WebKit.framework; sourceTree = SDKROOT; };
		B0FB068826780C8800A8CA91 /* YoutubeAPI.swift */ = {isa = PBXFileReference; lastKnownFileType = sourcecode.swift; path = YoutubeAPI.swift; sourceTree = "<group>"; };
		B0FB068B2678120200A8CA91 /* Video.swift */ = {isa = PBXFileReference; lastKnownFileType = sourcecode.swift; path = Video.swift; sourceTree = "<group>"; };
		B0FB068E267812DA00A8CA91 /* Model.swift */ = {isa = PBXFileReference; lastKnownFileType = sourcecode.swift; path = Model.swift; sourceTree = "<group>"; };
		F4B1FC2717B51466D23B50C2 /* Pods-RPD.release.xcconfig */ = {isa = PBXFileReference; includeInIndex = 1; lastKnownFileType = text.xcconfig; name = "Pods-RPD.release.xcconfig"; path = "Target Support Files/Pods-RPD/Pods-RPD.release.xcconfig"; sourceTree = "<group>"; };
/* End PBXFileReference section */

/* Begin PBXFrameworksBuildPhase section */
		B05DA0E325FD921B00206A65 /* Frameworks */ = {
			isa = PBXFrameworksBuildPhase;
			buildActionMask = 2147483647;
			files = (
				B0C8A861267954F700C8C423 /* WebKit.framework in Frameworks */,
				8C26F13BA73C4D43B3CB394A /* Pods_RPD.framework in Frameworks */,
			);
			runOnlyForDeploymentPostprocessing = 0;
		};
/* End PBXFrameworksBuildPhase section */

/* Begin PBXGroup section */
		572AB4D9AD2C8B28719ED4B4 /* Frameworks */ = {
			isa = PBXGroup;
			children = (
				B0C8A860267954F700C8C423 /* WebKit.framework */,
				8D0A26B33133EF30CD01BE0B /* Pods_RPD.framework */,
			);
			name = Frameworks;
			sourceTree = "<group>";
		};
		7409818530445023425A7611 /* Pods */ = {
			isa = PBXGroup;
			children = (
				6035415B2ADCE1EF58C09C0C /* Pods-RPD.debug.xcconfig */,
				F4B1FC2717B51466D23B50C2 /* Pods-RPD.release.xcconfig */,
			);
			path = Pods;
			sourceTree = "<group>";
		};
		B0549E91266AF11F0034DC07 /* ViewControllers */ = {
			isa = PBXGroup;
			children = (
				B05DA0ED25FD921B00206A65 /* ViewController.swift */,
				B02C0D4F26768AB600975921 /* CreatePlaylistViewController.swift */,
				B02C0D5226768B0300975921 /* PlaylistMainViewController.swift */,
				B06F24D72677F3FE00A79C31 /* InfoViewController.swift */,
				B06F24DA2677F94D00A79C31 /* SearchViewController.swift */,
				B0C8A85D26794C8700C8C423 /* VideoViewController.swift */,
			);
			path = ViewControllers;
			sourceTree = "<group>";
		};
		B05B438726792BA6004E5C2F /* Models */ = {
			isa = PBXGroup;
			children = (
				B0FB068B2678120200A8CA91 /* Video.swift */,
				B0FB068E267812DA00A8CA91 /* Model.swift */,
				B07179DC2678498800BEBCA0 /* Response.swift */,
			);
			path = Models;
			sourceTree = "<group>";
		};
		B05B438826792BE5004E5C2F /* Views */ = {
			isa = PBXGroup;
			children = (
				B05B438426792B79004E5C2F /* VideoTableViewCell.swift */,
			);
			path = Views;
			sourceTree = "<group>";
		};
		B05B438926792BF5004E5C2F /* Storyboards */ = {
			isa = PBXGroup;
			children = (
				B05DA0EF25FD921B00206A65 /* Main.storyboard */,
				B05DA0F725FD921E00206A65 /* LaunchScreen.storyboard */,
			);
			path = Storyboards;
			sourceTree = "<group>";
		};
		B05DA0DD25FD921B00206A65 = {
			isa = PBXGroup;
			children = (
				B05DA0E825FD921B00206A65 /* RPD */,
				B05DA0E725FD921B00206A65 /* Products */,
				7409818530445023425A7611 /* Pods */,
				572AB4D9AD2C8B28719ED4B4 /* Frameworks */,
			);
			sourceTree = "<group>";
		};
		B05DA0E725FD921B00206A65 /* Products */ = {
			isa = PBXGroup;
			children = (
				B05DA0E625FD921B00206A65 /* RPD.app */,
			);
			name = Products;
			sourceTree = "<group>";
		};
		B05DA0E825FD921B00206A65 /* RPD */ = {
			isa = PBXGroup;
			children = (
				B05DA0E925FD921B00206A65 /* AppDelegate.swift */,
				B05DA0EB25FD921B00206A65 /* SceneDelegate.swift */,
				B05B438926792BF5004E5C2F /* Storyboards */,
				B05B438726792BA6004E5C2F /* Models */,
				B05B438826792BE5004E5C2F /* Views */,
				B0549E91266AF11F0034DC07 /* ViewControllers */,
				B0FB068826780C8800A8CA91 /* YoutubeAPI.swift */,
				B05DA0FA25FD921E00206A65 /* Info.plist */,
				B05DA0F525FD921E00206A65 /* Assets.xcassets */,
				B05DA0F225FD921B00206A65 /* RPD.xcdatamodeld */,
			);
			path = RPD;
			sourceTree = "<group>";
		};
/* End PBXGroup section */

/* Begin PBXNativeTarget section */
		B05DA0E525FD921B00206A65 /* RPD */ = {
			isa = PBXNativeTarget;
			buildConfigurationList = B05DA0FD25FD921E00206A65 /* Build configuration list for PBXNativeTarget "RPD" */;
			buildPhases = (
				79B57094C23762AB2D72DBF4 /* [CP] Check Pods Manifest.lock */,
				B05DA0E225FD921B00206A65 /* Sources */,
				B05DA0E325FD921B00206A65 /* Frameworks */,
				B05DA0E425FD921B00206A65 /* Resources */,
				4170B794E7D2A2F3B5459A3A /* [CP] Embed Pods Frameworks */,
			);
			buildRules = (
			);
			dependencies = (
			);
			name = RPD;
			productName = RPD;
			productReference = B05DA0E625FD921B00206A65 /* RPD.app */;
			productType = "com.apple.product-type.application";
		};
/* End PBXNativeTarget section */

/* Begin PBXProject section */
		B05DA0DE25FD921B00206A65 /* Project object */ = {
			isa = PBXProject;
			attributes = {
				LastSwiftUpdateCheck = 1210;
				LastUpgradeCheck = 1210;
				TargetAttributes = {
					B05DA0E525FD921B00206A65 = {
						CreatedOnToolsVersion = 12.1.1;
					};
				};
			};
			buildConfigurationList = B05DA0E125FD921B00206A65 /* Build configuration list for PBXProject "RPD" */;
			compatibilityVersion = "Xcode 9.3";
			developmentRegion = en;
			hasScannedForEncodings = 0;
			knownRegions = (
				en,
				Base,
			);
			mainGroup = B05DA0DD25FD921B00206A65;
			productRefGroup = B05DA0E725FD921B00206A65 /* Products */;
			projectDirPath = "";
			projectRoot = "";
			targets = (
				B05DA0E525FD921B00206A65 /* RPD */,
			);
		};
/* End PBXProject section */

/* Begin PBXResourcesBuildPhase section */
		B05DA0E425FD921B00206A65 /* Resources */ = {
			isa = PBXResourcesBuildPhase;
			buildActionMask = 2147483647;
			files = (
				B05DA0F925FD921E00206A65 /* LaunchScreen.storyboard in Resources */,
				B05DA0F625FD921E00206A65 /* Assets.xcassets in Resources */,
				B05DA0F125FD921B00206A65 /* Main.storyboard in Resources */,
			);
			runOnlyForDeploymentPostprocessing = 0;
		};
/* End PBXResourcesBuildPhase section */

/* Begin PBXShellScriptBuildPhase section */
		4170B794E7D2A2F3B5459A3A /* [CP] Embed Pods Frameworks */ = {
			isa = PBXShellScriptBuildPhase;
			buildActionMask = 2147483647;
			files = (
			);
			inputFileListPaths = (
				"${PODS_ROOT}/Target Support Files/Pods-RPD/Pods-RPD-frameworks-${CONFIGURATION}-input-files.xcfilelist",
			);
			name = "[CP] Embed Pods Frameworks";
			outputFileListPaths = (
				"${PODS_ROOT}/Target Support Files/Pods-RPD/Pods-RPD-frameworks-${CONFIGURATION}-output-files.xcfilelist",
			);
			runOnlyForDeploymentPostprocessing = 0;
			shellPath = /bin/sh;
			shellScript = "\"${PODS_ROOT}/Target Support Files/Pods-RPD/Pods-RPD-frameworks.sh\"\n";
			showEnvVarsInLog = 0;
		};
		79B57094C23762AB2D72DBF4 /* [CP] Check Pods Manifest.lock */ = {
			isa = PBXShellScriptBuildPhase;
			buildActionMask = 2147483647;
			files = (
			);
			inputFileListPaths = (
			);
			inputPaths = (
				"${PODS_PODFILE_DIR_PATH}/Podfile.lock",
				"${PODS_ROOT}/Manifest.lock",
			);
			name = "[CP] Check Pods Manifest.lock";
			outputFileListPaths = (
			);
			outputPaths = (
				"$(DERIVED_FILE_DIR)/Pods-RPD-checkManifestLockResult.txt",
			);
			runOnlyForDeploymentPostprocessing = 0;
			shellPath = /bin/sh;
			shellScript = "diff \"${PODS_PODFILE_DIR_PATH}/Podfile.lock\" \"${PODS_ROOT}/Manifest.lock\" > /dev/null\nif [ $? != 0 ] ; then\n    # print error to STDERR\n    echo \"error: The sandbox is not in sync with the Podfile.lock. Run 'pod install' or update your CocoaPods installation.\" >&2\n    exit 1\nfi\n# This output is used by Xcode 'outputs' to avoid re-running this script phase.\necho \"SUCCESS\" > \"${SCRIPT_OUTPUT_FILE_0}\"\n";
			showEnvVarsInLog = 0;
		};
/* End PBXShellScriptBuildPhase section */

/* Begin PBXSourcesBuildPhase section */
		B05DA0E225FD921B00206A65 /* Sources */ = {
			isa = PBXSourcesBuildPhase;
			buildActionMask = 2147483647;
			files = (
				B05DA0EE25FD921B00206A65 /* ViewController.swift in Sources */,
				B05B438526792B79004E5C2F /* VideoTableViewCell.swift in Sources */,
				B05DA0EA25FD921B00206A65 /* AppDelegate.swift in Sources */,
				B06F24DB2677F94D00A79C31 /* SearchViewController.swift in Sources */,
				B02C0D5326768B0300975921 /* PlaylistMainViewController.swift in Sources */,
				B07179DD2678498800BEBCA0 /* Response.swift in Sources */,
				B06F24D82677F3FE00A79C31 /* InfoViewController.swift in Sources */,
				B02C0D5026768AB600975921 /* CreatePlaylistViewController.swift in Sources */,
				B0C8A85E26794C8700C8C423 /* VideoViewController.swift in Sources */,
				B0FB068926780C8800A8CA91 /* YoutubeAPI.swift in Sources */,
				B05DA0F425FD921B00206A65 /* RPD.xcdatamodeld in Sources */,
				B0FB068F267812DA00A8CA91 /* Model.swift in Sources */,
				B05DA0EC25FD921B00206A65 /* SceneDelegate.swift in Sources */,
				B0FB068C2678120200A8CA91 /* Video.swift in Sources */,
			);
			runOnlyForDeploymentPostprocessing = 0;
		};
/* End PBXSourcesBuildPhase section */

/* Begin PBXVariantGroup section */
		B05DA0EF25FD921B00206A65 /* Main.storyboard */ = {
			isa = PBXVariantGroup;
			children = (
				B05DA0F025FD921B00206A65 /* Base */,
			);
			name = Main.storyboard;
			sourceTree = "<group>";
		};
		B05DA0F725FD921E00206A65 /* LaunchScreen.storyboard */ = {
			isa = PBXVariantGroup;
			children = (
				B05DA0F825FD921E00206A65 /* Base */,
			);
			name = LaunchScreen.storyboard;
			sourceTree = "<group>";
		};
/* End PBXVariantGroup section */

/* Begin XCBuildConfiguration section */
		B05DA0FB25FD921E00206A65 /* Debug */ = {
			isa = XCBuildConfiguration;
			buildSettings = {
				ALWAYS_SEARCH_USER_PATHS = NO;
				CLANG_ANALYZER_NONNULL = YES;
				CLANG_ANALYZER_NUMBER_OBJECT_CONVERSION = YES_AGGRESSIVE;
				CLANG_CXX_LANGUAGE_STANDARD = "gnu++14";
				CLANG_CXX_LIBRARY = "libc++";
				CLANG_ENABLE_MODULES = YES;
				CLANG_ENABLE_OBJC_ARC = YES;
				CLANG_ENABLE_OBJC_WEAK = YES;
				CLANG_WARN_BLOCK_CAPTURE_AUTORELEASING = YES;
				CLANG_WARN_BOOL_CONVERSION = YES;
				CLANG_WARN_COMMA = YES;
				CLANG_WARN_CONSTANT_CONVERSION = YES;
				CLANG_WARN_DEPRECATED_OBJC_IMPLEMENTATIONS = YES;
				CLANG_WARN_DIRECT_OBJC_ISA_USAGE = YES_ERROR;
				CLANG_WARN_DOCUMENTATION_COMMENTS = YES;
				CLANG_WARN_EMPTY_BODY = YES;
				CLANG_WARN_ENUM_CONVERSION = YES;
				CLANG_WARN_INFINITE_RECURSION = YES;
				CLANG_WARN_INT_CONVERSION = YES;
				CLANG_WARN_NON_LITERAL_NULL_CONVERSION = YES;
				CLANG_WARN_OBJC_IMPLICIT_RETAIN_SELF = YES;
				CLANG_WARN_OBJC_LITERAL_CONVERSION = YES;
				CLANG_WARN_OBJC_ROOT_CLASS = YES_ERROR;
				CLANG_WARN_QUOTED_INCLUDE_IN_FRAMEWORK_HEADER = YES;
				CLANG_WARN_RANGE_LOOP_ANALYSIS = YES;
				CLANG_WARN_STRICT_PROTOTYPES = YES;
				CLANG_WARN_SUSPICIOUS_MOVE = YES;
				CLANG_WARN_UNGUARDED_AVAILABILITY = YES_AGGRESSIVE;
				CLANG_WARN_UNREACHABLE_CODE = YES;
				CLANG_WARN__DUPLICATE_METHOD_MATCH = YES;
				COPY_PHASE_STRIP = NO;
				DEBUG_INFORMATION_FORMAT = dwarf;
				ENABLE_STRICT_OBJC_MSGSEND = YES;
				ENABLE_TESTABILITY = YES;
				GCC_C_LANGUAGE_STANDARD = gnu11;
				GCC_DYNAMIC_NO_PIC = NO;
				GCC_NO_COMMON_BLOCKS = YES;
				GCC_OPTIMIZATION_LEVEL = 0;
				GCC_PREPROCESSOR_DEFINITIONS = (
					"DEBUG=1",
					"$(inherited)",
				);
				GCC_WARN_64_TO_32_BIT_CONVERSION = YES;
				GCC_WARN_ABOUT_RETURN_TYPE = YES_ERROR;
				GCC_WARN_UNDECLARED_SELECTOR = YES;
				GCC_WARN_UNINITIALIZED_AUTOS = YES_AGGRESSIVE;
				GCC_WARN_UNUSED_FUNCTION = YES;
				GCC_WARN_UNUSED_VARIABLE = YES;
				IPHONEOS_DEPLOYMENT_TARGET = 14.2;
				MTL_ENABLE_DEBUG_INFO = INCLUDE_SOURCE;
				MTL_FAST_MATH = YES;
				ONLY_ACTIVE_ARCH = YES;
				SDKROOT = iphoneos;
				SWIFT_ACTIVE_COMPILATION_CONDITIONS = DEBUG;
				SWIFT_OPTIMIZATION_LEVEL = "-Onone";
			};
			name = Debug;
		};
		B05DA0FC25FD921E00206A65 /* Release */ = {
			isa = XCBuildConfiguration;
			buildSettings = {
				ALWAYS_SEARCH_USER_PATHS = NO;
				CLANG_ANALYZER_NONNULL = YES;
				CLANG_ANALYZER_NUMBER_OBJECT_CONVERSION = YES_AGGRESSIVE;
				CLANG_CXX_LANGUAGE_STANDARD = "gnu++14";
				CLANG_CXX_LIBRARY = "libc++";
				CLANG_ENABLE_MODULES = YES;
				CLANG_ENABLE_OBJC_ARC = YES;
				CLANG_ENABLE_OBJC_WEAK = YES;
				CLANG_WARN_BLOCK_CAPTURE_AUTORELEASING = YES;
				CLANG_WARN_BOOL_CONVERSION = YES;
				CLANG_WARN_COMMA = YES;
				CLANG_WARN_CONSTANT_CONVERSION = YES;
				CLANG_WARN_DEPRECATED_OBJC_IMPLEMENTATIONS = YES;
				CLANG_WARN_DIRECT_OBJC_ISA_USAGE = YES_ERROR;
				CLANG_WARN_DOCUMENTATION_COMMENTS = YES;
				CLANG_WARN_EMPTY_BODY = YES;
				CLANG_WARN_ENUM_CONVERSION = YES;
				CLANG_WARN_INFINITE_RECURSION = YES;
				CLANG_WARN_INT_CONVERSION = YES;
				CLANG_WARN_NON_LITERAL_NULL_CONVERSION = YES;
				CLANG_WARN_OBJC_IMPLICIT_RETAIN_SELF = YES;
				CLANG_WARN_OBJC_LITERAL_CONVERSION = YES;
				CLANG_WARN_OBJC_ROOT_CLASS = YES_ERROR;
				CLANG_WARN_QUOTED_INCLUDE_IN_FRAMEWORK_HEADER = YES;
				CLANG_WARN_RANGE_LOOP_ANALYSIS = YES;
				CLANG_WARN_STRICT_PROTOTYPES = YES;
				CLANG_WARN_SUSPICIOUS_MOVE = YES;
				CLANG_WARN_UNGUARDED_AVAILABILITY = YES_AGGRESSIVE;
				CLANG_WARN_UNREACHABLE_CODE = YES;
				CLANG_WARN__DUPLICATE_METHOD_MATCH = YES;
				COPY_PHASE_STRIP = NO;
				DEBUG_INFORMATION_FORMAT = "dwarf-with-dsym";
				ENABLE_NS_ASSERTIONS = NO;
				ENABLE_STRICT_OBJC_MSGSEND = YES;
				GCC_C_LANGUAGE_STANDARD = gnu11;
				GCC_NO_COMMON_BLOCKS = YES;
				GCC_WARN_64_TO_32_BIT_CONVERSION = YES;
				GCC_WARN_ABOUT_RETURN_TYPE = YES_ERROR;
				GCC_WARN_UNDECLARED_SELECTOR = YES;
				GCC_WARN_UNINITIALIZED_AUTOS = YES_AGGRESSIVE;
				GCC_WARN_UNUSED_FUNCTION = YES;
				GCC_WARN_UNUSED_VARIABLE = YES;
				IPHONEOS_DEPLOYMENT_TARGET = 14.2;
				MTL_ENABLE_DEBUG_INFO = NO;
				MTL_FAST_MATH = YES;
				SDKROOT = iphoneos;
				SWIFT_COMPILATION_MODE = wholemodule;
				SWIFT_OPTIMIZATION_LEVEL = "-O";
				VALIDATE_PRODUCT = YES;
			};
			name = Release;
		};
		B05DA0FE25FD921E00206A65 /* Debug */ = {
			isa = XCBuildConfiguration;
			baseConfigurationReference = 6035415B2ADCE1EF58C09C0C /* Pods-RPD.debug.xcconfig */;
			buildSettings = {
				ASSETCATALOG_COMPILER_APPICON_NAME = AppIcon;
				ASSETCATALOG_COMPILER_GLOBAL_ACCENT_COLOR_NAME = AccentColor;
				CODE_SIGN_STYLE = Automatic;
				INFOPLIST_FILE = RPD/Info.plist;
				IPHONEOS_DEPLOYMENT_TARGET = 13.0;
				LD_RUNPATH_SEARCH_PATHS = (
					"$(inherited)",
					"@executable_path/Frameworks",
				);
				PRODUCT_BUNDLE_IDENTIFIER = com.moreno.raul.RPD;
				PRODUCT_NAME = "$(TARGET_NAME)";
				SWIFT_VERSION = 5.0;
				TARGETED_DEVICE_FAMILY = 1;
			};
			name = Debug;
		};
		B05DA0FF25FD921E00206A65 /* Release */ = {
			isa = XCBuildConfiguration;
			baseConfigurationReference = F4B1FC2717B51466D23B50C2 /* Pods-RPD.release.xcconfig */;
			buildSettings = {
				ASSETCATALOG_COMPILER_APPICON_NAME = AppIcon;
				ASSETCATALOG_COMPILER_GLOBAL_ACCENT_COLOR_NAME = AccentColor;
				CODE_SIGN_STYLE = Automatic;
				INFOPLIST_FILE = RPD/Info.plist;
				IPHONEOS_DEPLOYMENT_TARGET = 13.0;
				LD_RUNPATH_SEARCH_PATHS = (
					"$(inherited)",
					"@executable_path/Frameworks",
				);
				PRODUCT_BUNDLE_IDENTIFIER = com.moreno.raul.RPD;
				PRODUCT_NAME = "$(TARGET_NAME)";
				SWIFT_VERSION = 5.0;
				TARGETED_DEVICE_FAMILY = 1;
			};
			name = Release;
		};
/* End XCBuildConfiguration section */

/* Begin XCConfigurationList section */
		B05DA0E125FD921B00206A65 /* Build configuration list for PBXProject "RPD" */ = {
			isa = XCConfigurationList;
			buildConfigurations = (
				B05DA0FB25FD921E00206A65 /* Debug */,
				B05DA0FC25FD921E00206A65 /* Release */,
			);
			defaultConfigurationIsVisible = 0;
			defaultConfigurationName = Release;
		};
		B05DA0FD25FD921E00206A65 /* Build configuration list for PBXNativeTarget "RPD" */ = {
			isa = XCConfigurationList;
			buildConfigurations = (
				B05DA0FE25FD921E00206A65 /* Debug */,
				B05DA0FF25FD921E00206A65 /* Release */,
			);
			defaultConfigurationIsVisible = 0;
			defaultConfigurationName = Release;
		};
/* End XCConfigurationList section */

/* Begin XCVersionGroup section */
		B05DA0F225FD921B00206A65 /* RPD.xcdatamodeld */ = {
			isa = XCVersionGroup;
			children = (
				B05DA0F325FD921B00206A65 /* RPD.xcdatamodel */,
			);
			currentVersion = B05DA0F325FD921B00206A65 /* RPD.xcdatamodel */;
			path = RPD.xcdatamodeld;
			sourceTree = "<group>";
			versionGroupType = wrapper.xcdatamodel;
		};
/* End XCVersionGroup section */
	};
	rootObject = B05DA0DE25FD921B00206A65 /* Project object */;
}
